
Microsoft Visual Studio Solution File, Format Version 12.00
# Visual Studio Version 17
VisualStudioVersion = 17.9.34728.123
MinimumVisualStudioVersion = 10.0.40219.1
Project("{FAE04EC0-301F-11D3-BF4B-00C04F79EFBC}") = "ORM_SAMPLE", "ORM_SAMPLE.csproj", "{35D8914D-C201-4701-81F8-13C5AC631B14}"
EndProject
Global
	GlobalSection(SolutionConfigurationPlatforms) = preSolution
		Debug|Any CPU = Debug|Any CPU
		Release|Any CPU = Release|Any CPU
	EndGlobalSection
	GlobalSection(ProjectConfigurationPlatforms) = postSolution
		{35D8914D-C201-4701-81F8-13C5AC631B14}.Debug|Any CPU.ActiveCfg = Debug|Any CPU
		{35D8914D-C201-4701-81F8-13C5AC631B14}.Debug|Any CPU.Build.0 = Debug|Any CPU
		{35D8914D-C201-4701-81F8-13C5AC631B14}.Release|Any CPU.ActiveCfg = Release|Any CPU
		{35D8914D-C201-4701-81F8-13C5AC631B14}.Release|Any CPU.Build.0 = Release|Any CPU
	EndGlobalSection
	GlobalSection(SolutionProperties) = preSolution
		HideSolutionNode = FALSE
	EndGlobalSection
	GlobalSection(ExtensibilityGlobals) = postSolution
		SolutionGuid = {29B96F8B-7326-4DB6-8756-3851A7C0C490}
	EndGlobalSection
EndGlobal
